
Microsoft Visual Studio Solution File, Format Version 12.00
# Visual Studio Version 17
VisualStudioVersion = 17.8.34601.278
MinimumVisualStudioVersion = 10.0.40219.1
Project("{FAE04EC0-301F-11D3-BF4B-00C04F79EFBC}") = "Semana3", "Semana3.csproj", "{D340366A-52BA-42EC-B548-C9A854ABFCEB}"
EndProject
Global
	GlobalSection(SolutionConfigurationPlatforms) = preSolution
		Debug|Any CPU = Debug|Any CPU
		Release|Any CPU = Release|Any CPU
	EndGlobalSection
	GlobalSection(ProjectConfigurationPlatforms) = postSolution
		{D340366A-52BA-42EC-B548-C9A854ABFCEB}.Debug|Any CPU.ActiveCfg = Debug|Any CPU
		{D340366A-52BA-42EC-B548-C9A854ABFCEB}.Debug|Any CPU.Build.0 = Debug|Any CPU
		{D340366A-52BA-42EC-B548-C9A854ABFCEB}.Release|Any CPU.ActiveCfg = Release|Any CPU
		{D340366A-52BA-42EC-B548-C9A854ABFCEB}.Release|Any CPU.Build.0 = Release|Any CPU
	EndGlobalSection
	GlobalSection(SolutionProperties) = preSolution
		HideSolutionNode = FALSE
	EndGlobalSection
	GlobalSection(ExtensibilityGlobals) = postSolution
		SolutionGuid = {993BDA62-A418-4004-BEEF-FA87500731F2}
	EndGlobalSection
EndGlobal
